
Microsoft Visual Studio Solution File, Format Version 12.00
# Visual Studio Version 16
VisualStudioVersion = 16.0.30517.126
MinimumVisualStudioVersion = 10.0.40219.1
Project("{FAE04EC0-301F-11D3-BF4B-00C04F79EFBC}") = "EFrameWork", "EFrameWork\EFrameWork.csproj", "{B866C29B-719F-43E1-9D1F-D7E03540F7F5}"
EndProject
Global
	GlobalSection(SolutionConfigurationPlatforms) = preSolution
		Debug|Any CPU = Debug|Any CPU
		Release|Any CPU = Release|Any CPU
	EndGlobalSection
	GlobalSection(ProjectConfigurationPlatforms) = postSolution
		{B866C29B-719F-43E1-9D1F-D7E03540F7F5}.Debug|Any CPU.ActiveCfg = Debug|Any CPU
		{B866C29B-719F-43E1-9D1F-D7E03540F7F5}.Debug|Any CPU.Build.0 = Debug|Any CPU
		{B866C29B-719F-43E1-9D1F-D7E03540F7F5}.Release|Any CPU.ActiveCfg = Release|Any CPU
		{B866C29B-719F-43E1-9D1F-D7E03540F7F5}.Release|Any CPU.Build.0 = Release|Any CPU
	EndGlobalSection
	GlobalSection(SolutionProperties) = preSolution
		HideSolutionNode = FALSE
	EndGlobalSection
	GlobalSection(ExtensibilityGlobals) = postSolution
		SolutionGuid = {F8E1DEDF-2086-4B28-AC54-FE7026C7EA1C}
	EndGlobalSection
EndGlobal
